
Microsoft Visual Studio Solution File, Format Version 12.00
# Visual Studio Version 17
VisualStudioVersion = 17.8.34316.72
MinimumVisualStudioVersion = 10.0.40219.1
Project("{9A19103F-16F7-4668-BE54-9A1E7A4F7556}") = "Ratiu_Raul_Lab10", "Ratiu_Raul_Lab10\Ratiu_Raul_Lab10.csproj", "{884F18EA-AC73-4821-B64A-3D3810F56FCC}"
	ProjectSection(ProjectDependencies) = postProject
		{9F643751-8E42-4FDE-A799-D1260263C427} = {9F643751-8E42-4FDE-A799-D1260263C427}
	EndProjectSection
EndProject
Project("{9A19103F-16F7-4668-BE54-9A1E7A4F7556}") = "gRPCClient", "gRPCClient\gRPCClient.csproj", "{9F643751-8E42-4FDE-A799-D1260263C427}"
EndProject
Global
	GlobalSection(SolutionConfigurationPlatforms) = preSolution
		Debug|Any CPU = Debug|Any CPU
		Release|Any CPU = Release|Any CPU
	EndGlobalSection
	GlobalSection(ProjectConfigurationPlatforms) = postSolution
		{884F18EA-AC73-4821-B64A-3D3810F56FCC}.Debug|Any CPU.ActiveCfg = Debug|Any CPU
		{884F18EA-AC73-4821-B64A-3D3810F56FCC}.Debug|Any CPU.Build.0 = Debug|Any CPU
		{884F18EA-AC73-4821-B64A-3D3810F56FCC}.Release|Any CPU.ActiveCfg = Release|Any CPU
		{884F18EA-AC73-4821-B64A-3D3810F56FCC}.Release|Any CPU.Build.0 = Release|Any CPU
		{9F643751-8E42-4FDE-A799-D1260263C427}.Debug|Any CPU.ActiveCfg = Debug|Any CPU
		{9F643751-8E42-4FDE-A799-D1260263C427}.Debug|Any CPU.Build.0 = Debug|Any CPU
		{9F643751-8E42-4FDE-A799-D1260263C427}.Release|Any CPU.ActiveCfg = Release|Any CPU
		{9F643751-8E42-4FDE-A799-D1260263C427}.Release|Any CPU.Build.0 = Release|Any CPU
	EndGlobalSection
	GlobalSection(SolutionProperties) = preSolution
		HideSolutionNode = FALSE
	EndGlobalSection
	GlobalSection(ExtensibilityGlobals) = postSolution
		SolutionGuid = {DA0B02D1-48A6-4B1B-9E45-B9E423A969E9}
	EndGlobalSection
EndGlobal
